
Microsoft Visual Studio Solution File, Format Version 12.00
# Visual Studio Version 16
VisualStudioVersion = 16.0.29613.14
MinimumVisualStudioVersion = 10.0.40219.1
Project("{FAE04EC0-301F-11D3-BF4B-00C04F79EFBC}") = "LecteurMP3", "LecteurMP3\LecteurMP3.csproj", "{C98BCD47-F907-46DD-A109-B13B8BC46B3A}"
EndProject
Project("{FAE04EC0-301F-11D3-BF4B-00C04F79EFBC}") = "Genetique", "Genetique\Genetique.csproj", "{5FBA287B-BD64-4F3C-A560-25E297E1E2C6}"
EndProject
Project("{FAE04EC0-301F-11D3-BF4B-00C04F79EFBC}") = "AlgoGen", "AlgoGen\AlgoGen.csproj", "{F54C887A-44E1-4D83-9165-4B6633585D97}"
EndProject
Global
	GlobalSection(SolutionConfigurationPlatforms) = preSolution
		Debug|Any CPU = Debug|Any CPU
		Release|Any CPU = Release|Any CPU
	EndGlobalSection
	GlobalSection(ProjectConfigurationPlatforms) = postSolution
		{C98BCD47-F907-46DD-A109-B13B8BC46B3A}.Debug|Any CPU.ActiveCfg = Debug|Any CPU
		{C98BCD47-F907-46DD-A109-B13B8BC46B3A}.Debug|Any CPU.Build.0 = Debug|Any CPU
		{C98BCD47-F907-46DD-A109-B13B8BC46B3A}.Release|Any CPU.ActiveCfg = Release|Any CPU
		{C98BCD47-F907-46DD-A109-B13B8BC46B3A}.Release|Any CPU.Build.0 = Release|Any CPU
		{5FBA287B-BD64-4F3C-A560-25E297E1E2C6}.Debug|Any CPU.ActiveCfg = Debug|Any CPU
		{5FBA287B-BD64-4F3C-A560-25E297E1E2C6}.Debug|Any CPU.Build.0 = Debug|Any CPU
		{5FBA287B-BD64-4F3C-A560-25E297E1E2C6}.Release|Any CPU.ActiveCfg = Release|Any CPU
		{5FBA287B-BD64-4F3C-A560-25E297E1E2C6}.Release|Any CPU.Build.0 = Release|Any CPU
		{F54C887A-44E1-4D83-9165-4B6633585D97}.Debug|Any CPU.ActiveCfg = Debug|Any CPU
		{F54C887A-44E1-4D83-9165-4B6633585D97}.Debug|Any CPU.Build.0 = Debug|Any CPU
		{F54C887A-44E1-4D83-9165-4B6633585D97}.Release|Any CPU.ActiveCfg = Release|Any CPU
		{F54C887A-44E1-4D83-9165-4B6633585D97}.Release|Any CPU.Build.0 = Release|Any CPU
	EndGlobalSection
	GlobalSection(SolutionProperties) = preSolution
		HideSolutionNode = FALSE
	EndGlobalSection
	GlobalSection(ExtensibilityGlobals) = postSolution
		SolutionGuid = {33C298A3-4F7C-425E-B727-08D540E7BF4B}
	EndGlobalSection
EndGlobal
