
Microsoft Visual Studio Solution File, Format Version 12.00
# Visual Studio Version 16
VisualStudioVersion = 16.0.29613.14
MinimumVisualStudioVersion = 10.0.40219.1
Project("{9A19103F-16F7-4668-BE54-9A1E7A4F7556}") = "ExempleWebAPI", "ExempleWebAPI\ExempleWebAPI.csproj", "{24FFE494-8D10-448B-AC83-735FA39500D1}"
EndProject
Project("{FAE04EC0-301F-11D3-BF4B-00C04F79EFBC}") = "BooksStoreMongo", "BooksStoreMongo\BooksStoreMongo.csproj", "{404D4E4C-0007-4067-B35F-36B627C46CE7}"
EndProject
Global
	GlobalSection(SolutionConfigurationPlatforms) = preSolution
		Debug|Any CPU = Debug|Any CPU
		Release|Any CPU = Release|Any CPU
	EndGlobalSection
	GlobalSection(ProjectConfigurationPlatforms) = postSolution
		{24FFE494-8D10-448B-AC83-735FA39500D1}.Debug|Any CPU.ActiveCfg = Debug|Any CPU
		{24FFE494-8D10-448B-AC83-735FA39500D1}.Debug|Any CPU.Build.0 = Debug|Any CPU
		{24FFE494-8D10-448B-AC83-735FA39500D1}.Release|Any CPU.ActiveCfg = Release|Any CPU
		{24FFE494-8D10-448B-AC83-735FA39500D1}.Release|Any CPU.Build.0 = Release|Any CPU
		{404D4E4C-0007-4067-B35F-36B627C46CE7}.Debug|Any CPU.ActiveCfg = Debug|Any CPU
		{404D4E4C-0007-4067-B35F-36B627C46CE7}.Debug|Any CPU.Build.0 = Debug|Any CPU
		{404D4E4C-0007-4067-B35F-36B627C46CE7}.Release|Any CPU.ActiveCfg = Release|Any CPU
		{404D4E4C-0007-4067-B35F-36B627C46CE7}.Release|Any CPU.Build.0 = Release|Any CPU
	EndGlobalSection
	GlobalSection(SolutionProperties) = preSolution
		HideSolutionNode = FALSE
	EndGlobalSection
	GlobalSection(ExtensibilityGlobals) = postSolution
		SolutionGuid = {72F19091-1A2D-4023-A87F-039B24B80AC9}
	EndGlobalSection
EndGlobal
